
Microsoft Visual Studio Solution File, Format Version 12.00
# Visual Studio Version 16
VisualStudioVersion = 16.0.31727.386
MinimumVisualStudioVersion = 10.0.40219.1
Project("{FAE04EC0-301F-11D3-BF4B-00C04F79EFBC}") = "LanDataTransmitter", "LanDataTransmitter.csproj", "{486F3457-D670-4978-A71D-B04946664EA8}"
EndProject
Global
	GlobalSection(SolutionConfigurationPlatforms) = preSolution
		Debug|x64 = Debug|x64
		Debug|x86 = Debug|x86
		Release|x64 = Release|x64
		Release|x86 = Release|x86
	EndGlobalSection
	GlobalSection(ProjectConfigurationPlatforms) = postSolution
		{486F3457-D670-4978-A71D-B04946664EA8}.Debug|x64.ActiveCfg = Debug|x64
		{486F3457-D670-4978-A71D-B04946664EA8}.Debug|x64.Build.0 = Debug|x64
		{486F3457-D670-4978-A71D-B04946664EA8}.Debug|x86.ActiveCfg = Debug|x86
		{486F3457-D670-4978-A71D-B04946664EA8}.Debug|x86.Build.0 = Debug|x86
		{486F3457-D670-4978-A71D-B04946664EA8}.Release|x64.ActiveCfg = Release|x64
		{486F3457-D670-4978-A71D-B04946664EA8}.Release|x64.Build.0 = Release|x64
		{486F3457-D670-4978-A71D-B04946664EA8}.Release|x86.ActiveCfg = Release|x86
		{486F3457-D670-4978-A71D-B04946664EA8}.Release|x86.Build.0 = Release|x86
	EndGlobalSection
	GlobalSection(SolutionProperties) = preSolution
		HideSolutionNode = FALSE
	EndGlobalSection
	GlobalSection(ExtensibilityGlobals) = postSolution
		SolutionGuid = {F730117A-A423-440D-9504-2928890A52D2}
	EndGlobalSection
EndGlobal
